
Microsoft Visual Studio Solution File, Format Version 12.00
# Visual Studio Version 17
VisualStudioVersion = 17.8.34322.80
MinimumVisualStudioVersion = 10.0.40219.1
Project("{FAE04EC0-301F-11D3-BF4B-00C04F79EFBC}") = "dkp-system", "dkp-system\dkp-system.csproj", "{994D0DD2-3CDE-4E9B-9232-74B938F56C5F}"
EndProject
Global
	GlobalSection(SolutionConfigurationPlatforms) = preSolution
		Debug|Any CPU = Debug|Any CPU
		Release|Any CPU = Release|Any CPU
	EndGlobalSection
	GlobalSection(ProjectConfigurationPlatforms) = postSolution
		{994D0DD2-3CDE-4E9B-9232-74B938F56C5F}.Debug|Any CPU.ActiveCfg = Debug|Any CPU
		{994D0DD2-3CDE-4E9B-9232-74B938F56C5F}.Debug|Any CPU.Build.0 = Debug|Any CPU
		{994D0DD2-3CDE-4E9B-9232-74B938F56C5F}.Release|Any CPU.ActiveCfg = Release|Any CPU
		{994D0DD2-3CDE-4E9B-9232-74B938F56C5F}.Release|Any CPU.Build.0 = Release|Any CPU
	EndGlobalSection
	GlobalSection(SolutionProperties) = preSolution
		HideSolutionNode = FALSE
	EndGlobalSection
	GlobalSection(ExtensibilityGlobals) = postSolution
		SolutionGuid = {094E9E6A-D644-4A34-99AA-3CEFCA7EB53D}
	EndGlobalSection
EndGlobal
