
Microsoft Visual Studio Solution File, Format Version 12.00
# Visual Studio Version 17
VisualStudioVersion = 17.8.34322.80
MinimumVisualStudioVersion = 10.0.40219.1
Project("{9A19103F-16F7-4668-BE54-9A1E7A4F7556}") = "dkp-system-back-front.Server", "dkp-system-back-front\dkp-system-back-front.Server\dkp-system-back-front.Server.csproj", "{01228F0B-84BA-4CA5-95F3-2901BD73F7D4}"
EndProject
Project("{54A90642-561A-4BB1-A94E-469ADEE60C69}") = "dkp-system-back-front.client", "dkp-system-back-front\dkp-system-back-front.client\dkp-system-back-front.client.esproj", "{DF378C44-C285-4E9E-8017-C29D7F3A63A4}"
EndProject
Project("{9A19103F-16F7-4668-BE54-9A1E7A4F7556}") = "dkp-system-back-front.Server.Test", "dkp-system-back-front.Server.Test\dkp-system-back-front.Server.Test.csproj", "{72F8DDEC-47FD-42F3-B3BE-20C767624B34}"
EndProject
Global
	GlobalSection(SolutionConfigurationPlatforms) = preSolution
		Debug|Any CPU = Debug|Any CPU
		Release|Any CPU = Release|Any CPU
	EndGlobalSection
	GlobalSection(ProjectConfigurationPlatforms) = postSolution
		{01228F0B-84BA-4CA5-95F3-2901BD73F7D4}.Debug|Any CPU.ActiveCfg = Debug|Any CPU
		{01228F0B-84BA-4CA5-95F3-2901BD73F7D4}.Debug|Any CPU.Build.0 = Debug|Any CPU
		{01228F0B-84BA-4CA5-95F3-2901BD73F7D4}.Release|Any CPU.ActiveCfg = Release|Any CPU
		{01228F0B-84BA-4CA5-95F3-2901BD73F7D4}.Release|Any CPU.Build.0 = Release|Any CPU
		{DF378C44-C285-4E9E-8017-C29D7F3A63A4}.Debug|Any CPU.ActiveCfg = Debug|Any CPU
		{DF378C44-C285-4E9E-8017-C29D7F3A63A4}.Debug|Any CPU.Build.0 = Debug|Any CPU
		{DF378C44-C285-4E9E-8017-C29D7F3A63A4}.Debug|Any CPU.Deploy.0 = Debug|Any CPU
		{DF378C44-C285-4E9E-8017-C29D7F3A63A4}.Release|Any CPU.ActiveCfg = Release|Any CPU
		{DF378C44-C285-4E9E-8017-C29D7F3A63A4}.Release|Any CPU.Build.0 = Release|Any CPU
		{DF378C44-C285-4E9E-8017-C29D7F3A63A4}.Release|Any CPU.Deploy.0 = Release|Any CPU
		{72F8DDEC-47FD-42F3-B3BE-20C767624B34}.Debug|Any CPU.ActiveCfg = Debug|Any CPU
		{72F8DDEC-47FD-42F3-B3BE-20C767624B34}.Debug|Any CPU.Build.0 = Debug|Any CPU
		{72F8DDEC-47FD-42F3-B3BE-20C767624B34}.Release|Any CPU.ActiveCfg = Release|Any CPU
		{72F8DDEC-47FD-42F3-B3BE-20C767624B34}.Release|Any CPU.Build.0 = Release|Any CPU
	EndGlobalSection
	GlobalSection(SolutionProperties) = preSolution
		HideSolutionNode = FALSE
	EndGlobalSection
	GlobalSection(ExtensibilityGlobals) = postSolution
		SolutionGuid = {094E9E6A-D644-4A34-99AA-3CEFCA7EB53D}
	EndGlobalSection
EndGlobal
